
Microsoft Visual Studio Solution File, Format Version 12.00
# Visual Studio Version 17
VisualStudioVersion = 17.5.002.0
MinimumVisualStudioVersion = 10.0.40219.1
Project("{9A19103F-16F7-4668-BE54-9A1E7A4F7556}") = "Collatz", "dotnet\Collatz.csproj", "{C52FBD05-26FB-4312-9A04-8D8A8629C5A1}"
EndProject
Global
	GlobalSection(SolutionConfigurationPlatforms) = preSolution
		Debug|Any CPU = Debug|Any CPU
		Release|Any CPU = Release|Any CPU
	EndGlobalSection
	GlobalSection(ProjectConfigurationPlatforms) = postSolution
		{C52FBD05-26FB-4312-9A04-8D8A8629C5A1}.Debug|Any CPU.ActiveCfg = Debug|Any CPU
		{C52FBD05-26FB-4312-9A04-8D8A8629C5A1}.Debug|Any CPU.Build.0 = Debug|Any CPU
		{C52FBD05-26FB-4312-9A04-8D8A8629C5A1}.Release|Any CPU.ActiveCfg = Release|Any CPU
		{C52FBD05-26FB-4312-9A04-8D8A8629C5A1}.Release|Any CPU.Build.0 = Release|Any CPU
	EndGlobalSection
	GlobalSection(SolutionProperties) = preSolution
		HideSolutionNode = FALSE
	EndGlobalSection
	GlobalSection(ExtensibilityGlobals) = postSolution
		SolutionGuid = {B9E86ABA-6C16-43B3-9BCA-65B3CBB741B8}
	EndGlobalSection
EndGlobal
